Microsoft Visual Studio Solution File, Format Version 12.00
# Visual Studio Version 17
VisualStudioVersion = 17.5.2.0
MinimumVisualStudioVersion = 10.0.40219.1
Project("{FAE04EC0-301F-11D3-BF4B-00C04F79EFBC}") = "pdf-recorte", "pdf-recorte.csproj", "{8AE7FDD8-4FC3-D204-3524-87D8C7906FFD}"
EndProject
Global
	GlobalSection(SolutionConfigurationPlatforms) = preSolution
		Debug|Any CPU = Debug|Any CPU
		Release|Any CPU = Release|Any CPU
	EndGlobalSection
	GlobalSection(ProjectConfigurationPlatforms) = postSolution
		{8AE7FDD8-4FC3-D204-3524-87D8C7906FFD}.Debug|Any CPU.ActiveCfg = Debug|Any CPU
		{8AE7FDD8-4FC3-D204-3524-87D8C7906FFD}.Debug|Any CPU.Build.0 = Debug|Any CPU
		{8AE7FDD8-4FC3-D204-3524-87D8C7906FFD}.Release|Any CPU.ActiveCfg = Release|Any CPU
		{8AE7FDD8-4FC3-D204-3524-87D8C7906FFD}.Release|Any CPU.Build.0 = Release|Any CPU
	EndGlobalSection
	GlobalSection(SolutionProperties) = preSolution
		HideSolutionNode = FALSE
	EndGlobalSection
	GlobalSection(ExtensibilityGlobals) = postSolution
		SolutionGuid = {961AEA61-7579-4081-882E-D998DFD48226}
	EndGlobalSection
EndGlobal
